
Microsoft Visual Studio Solution File, Format Version 12.00
# Visual Studio 2015
Project("{FAE04EC0-301F-11D3-BF4B-00C04F79EFBC}") = "Project Platform.CSharp", "Project Platform.CSharp.csproj", "{272406FA-AE41-6778-9CD1-DA989FA84D85}"
EndProject
Project("{FAE04EC0-301F-11D3-BF4B-00C04F79EFBC}") = "Project Platform.CSharp.Editor", "Project Platform.CSharp.Editor.csproj", "{36F0AB9F-9CD4-EA1A-06DE-4E2CDEFD3E63}"
EndProject
Global
	GlobalSection(SolutionConfigurationPlatforms) = preSolution
		Debug|Any CPU = Debug|Any CPU
		Release|Any CPU = Release|Any CPU
	EndGlobalSection
	GlobalSection(ProjectConfigurationPlatforms) = postSolution
		{272406FA-AE41-6778-9CD1-DA989FA84D85}.Debug|Any CPU.ActiveCfg = Debug|Any CPU
		{272406FA-AE41-6778-9CD1-DA989FA84D85}.Debug|Any CPU.Build.0 = Debug|Any CPU
		{272406FA-AE41-6778-9CD1-DA989FA84D85}.Release|Any CPU.ActiveCfg = Release|Any CPU
		{272406FA-AE41-6778-9CD1-DA989FA84D85}.Release|Any CPU.Build.0 = Release|Any CPU
		{36F0AB9F-9CD4-EA1A-06DE-4E2CDEFD3E63}.Debug|Any CPU.ActiveCfg = Debug|Any CPU
		{36F0AB9F-9CD4-EA1A-06DE-4E2CDEFD3E63}.Debug|Any CPU.Build.0 = Debug|Any CPU
		{36F0AB9F-9CD4-EA1A-06DE-4E2CDEFD3E63}.Release|Any CPU.ActiveCfg = Release|Any CPU
		{36F0AB9F-9CD4-EA1A-06DE-4E2CDEFD3E63}.Release|Any CPU.Build.0 = Release|Any CPU
	EndGlobalSection
	GlobalSection(SolutionProperties) = preSolution
		HideSolutionNode = FALSE
	EndGlobalSection
EndGlobal
